
Microsoft Visual Studio Solution File, Format Version 12.00
Project("{FAE04EC0-301F-11D3-BF4B-00C04F79EFBC}") = "Formazione2019.PulsantONE.Runner", "Formazione2019.PulsantONE.Runner\Formazione2019.PulsantONE.Runner.csproj", "{DE031AEB-B686-469F-8B6F-82C7171A43B7}"
EndProject
Project("{FAE04EC0-301F-11D3-BF4B-00C04F79EFBC}") = "Formazione2019.PulsantONE.Services", "Formazione2019.PulsantONE.Services\Formazione2019.PulsantONE.Services.csproj", "{B97EF7B9-39A5-4BC5-A3E8-C074D6D1B995}"
EndProject
Global
	GlobalSection(SolutionConfigurationPlatforms) = preSolution
		Debug|Any CPU = Debug|Any CPU
		Release|Any CPU = Release|Any CPU
	EndGlobalSection
	GlobalSection(ProjectConfigurationPlatforms) = postSolution
		{DE031AEB-B686-469F-8B6F-82C7171A43B7}.Debug|Any CPU.ActiveCfg = Debug|Any CPU
		{DE031AEB-B686-469F-8B6F-82C7171A43B7}.Debug|Any CPU.Build.0 = Debug|Any CPU
		{DE031AEB-B686-469F-8B6F-82C7171A43B7}.Release|Any CPU.ActiveCfg = Release|Any CPU
		{DE031AEB-B686-469F-8B6F-82C7171A43B7}.Release|Any CPU.Build.0 = Release|Any CPU
		{B97EF7B9-39A5-4BC5-A3E8-C074D6D1B995}.Debug|Any CPU.ActiveCfg = Debug|Any CPU
		{B97EF7B9-39A5-4BC5-A3E8-C074D6D1B995}.Debug|Any CPU.Build.0 = Debug|Any CPU
		{B97EF7B9-39A5-4BC5-A3E8-C074D6D1B995}.Release|Any CPU.ActiveCfg = Release|Any CPU
		{B97EF7B9-39A5-4BC5-A3E8-C074D6D1B995}.Release|Any CPU.Build.0 = Release|Any CPU
	EndGlobalSection
EndGlobal
